{
  "name": "my-app",
  "version": "0.1.0",
  "lockfileVersion": 1,
  "requires": true,
  "dependencies": {
    "@babel/code-frame": {
      "version": "7.26.2",
      "resolved": "http://r.npm.sankuai.com/@babel/code-frame/download/@babel/code-frame-7.26.2.tgz",
      "integrity": "sha1-S1+rl9MzOO/5FiNQVfDrwh5XOoU=",
      "dev": true,
      "requires": {
        "@babel/helper-validator-identifier": "^7.25.9",
        "js-tokens": "^4.0.0",
        "picocolors": "^1.0.0"
      }
    },
    "@babel/helper-validator-identifier": {
      "version": "7.25.9",
      "resolved": "http://r.npm.sankuai.com/@babel/helper-validator-identifier/download/@babel/helper-validator-identifier-7.25.9.tgz",
      "integrity": "sha1-JLZOLD7HzTs8VHcpuNFocfIsvcc=",
      "dev": true
    },
    "@babel/runtime": {
      "version": "7.26.9",
      "resolved": "http://r.npm.sankuai.com/@babel/runtime/download/@babel/runtime-7.26.9.tgz",
      "integrity": "sha1-qkxvrMZbnLP4fXUSX/1HeBtHVDM=",
      "requires": {
        "regenerator-runtime": "^0.14.0"
      }
    },
    "@next/env": {
      "version": "12.1.0",
      "resolved": "http://r.npm.sankuai.com/@next/env/download/@next/env-12.1.0.tgz",
      "integrity": "sha1-c3EzmTmbNKpaAXcftzJytVsiwxQ="
    },
    "@next/swc-android-arm64": {
      "version": "12.1.0",
      "resolved": "http://r.npm.sankuai.com/@next/swc-android-arm64/download/@next/swc-android-arm64-12.1.0.tgz",
      "integrity": "sha1-hlujqa/CBP8r3upJ3WTVhwUAejk=",
      "optional": true
    },
    "@next/swc-darwin-arm64": {
      "version": "12.1.0",
      "resolved": "http://r.npm.sankuai.com/@next/swc-darwin-arm64/download/@next/swc-darwin-arm64-12.1.0.tgz",
      "integrity": "sha1-COi0EbiszQlQCe0S77wvHU1UcTU=",
      "optional": true
    },
    "@next/swc-darwin-x64": {
      "version": "12.1.0",
      "resolved": "http://r.npm.sankuai.com/@next/swc-darwin-x64/download/@next/swc-darwin-x64-12.1.0.tgz",
      "integrity": "sha1-/NaESXp26P6sqI2zw5RID/CwB80=",
      "optional": true
    },
    "@next/swc-linux-arm-gnueabihf": {
      "version": "12.1.0",
      "resolved": "http://r.npm.sankuai.com/@next/swc-linux-arm-gnueabihf/download/@next/swc-linux-arm-gnueabihf-12.1.0.tgz",
      "integrity": "sha1-nsY4CieTileZqqYDXCBbPEeEaKc=",
      "optional": true
    },
    "@next/swc-linux-arm64-gnu": {
      "version": "12.1.0",
      "resolved": "http://r.npm.sankuai.com/@next/swc-linux-arm64-gnu/download/@next/swc-linux-arm64-gnu-12.1.0.tgz",
      "integrity": "sha1-f0GW3/EEnOpHlgfHW4EDOuLb0JM=",
      "optional": true
    },
    "@next/swc-linux-arm64-musl": {
      "version": "12.1.0",
      "resolved": "http://r.npm.sankuai.com/@next/swc-linux-arm64-musl/download/@next/swc-linux-arm64-musl-12.1.0.tgz",
      "integrity": "sha1-tEX3Z1ac3C3d7nhcpJXhqIwCVWY=",
      "optional": true
    },
    "@next/swc-linux-x64-gnu": {
      "version": "12.1.0",
      "resolved": "http://r.npm.sankuai.com/@next/swc-linux-x64-gnu/download/@next/swc-linux-x64-gnu-12.1.0.tgz",
      "integrity": "sha1-Z2EOm+T7yYfedTXxvLF+Rf4S+Q4=",
      "optional": true
    },
    "@next/swc-linux-x64-musl": {
      "version": "12.1.0",
      "resolved": "http://r.npm.sankuai.com/@next/swc-linux-x64-musl/download/@next/swc-linux-x64-musl-12.1.0.tgz",
      "integrity": "sha1-6hmiPbCKny40rDBAH3dM99FmnTE=",
      "optional": true
    },
    "@next/swc-win32-arm64-msvc": {
      "version": "12.1.0",
      "resolved": "http://r.npm.sankuai.com/@next/swc-win32-arm64-msvc/download/@next/swc-win32-arm64-msvc-12.1.0.tgz",
      "integrity": "sha1-6t8FT8QSCFZZuY4UVDW7uiALUoM=",
      "optional": true
    },
    "@next/swc-win32-ia32-msvc": {
      "version": "12.1.0",
      "resolved": "http://r.npm.sankuai.com/@next/swc-win32-ia32-msvc/download/@next/swc-win32-ia32-msvc-12.1.0.tgz",
      "integrity": "sha1-aPrq4QyJ9pi/nSh1kXK3TJwhvaE=",
      "optional": true
    },
    "@next/swc-win32-x64-msvc": {
      "version": "12.1.0",
      "resolved": "http://r.npm.sankuai.com/@next/swc-win32-x64-msvc/download/@next/swc-win32-x64-msvc-12.1.0.tgz",
      "integrity": "sha1-0n5+dsh6RgpNqZxb/bFhjc1s0GQ=",
      "optional": true
    },
    "@nodelib/fs.scandir": {
      "version": "2.1.5",
      "resolved": "http://r.npm.sankuai.com/@nodelib/fs.scandir/download/@nodelib/fs.scandir-2.1.5.tgz",
      "integrity": "sha1-dhnC6yGyVIP20WdUi0z9WnSIw9U=",
      "dev": true,
      "requires": {
        "@nodelib/fs.stat": "2.0.5",
        "run-parallel": "^1.1.9"
      }
    },
    "@nodelib/fs.stat": {
      "version": "2.0.5",
      "resolved": "http://r.npm.sankuai.com/@nodelib/fs.stat/download/@nodelib/fs.stat-2.0.5.tgz",
      "integrity": "sha1-W9Jir5Tp0lvR5xsF3u1Eh2oiLos=",
      "dev": true
    },
    "@nodelib/fs.walk": {
      "version": "1.2.8",
      "resolved": "http://r.npm.sankuai.com/@nodelib/fs.walk/download/@nodelib/fs.walk-1.2.8.tgz",
      "integrity": "sha1-6Vc36LtnRt3t9pxVaVNJTxlv5po=",
      "dev": true,
      "requires": {
        "@nodelib/fs.scandir": "2.1.5",
        "fastq": "^1.6.0"
      }
    },
    "@radix-ui/number": {
      "version": "1.0.0",
      "resolved": "http://r.npm.sankuai.com/@radix-ui/number/download/@radix-ui/number-1.0.0.tgz",
      "integrity": "sha1-TFNhYdDedQs/XVWGD8PeRiZPiXs=",
      "requires": {
        "@babel/runtime": "^7.13.10"
      }
    },
    "@radix-ui/primitive": {
      "version": "1.0.0",
      "resolved": "http://r.npm.sankuai.com/@radix-ui/primitive/download/@radix-ui/primitive-1.0.0.tgz",
      "integrity": "sha1-4djvMLEOoQ5px26Jb2CNknY1IlM=",
      "requires": {
        "@babel/runtime": "^7.13.10"
      }
    },
    "@radix-ui/react-collection": {
      "version": "1.0.0",
      "resolved": "http://r.npm.sankuai.com/@radix-ui/react-collection/download/@radix-ui/react-collection-1.0.0.tgz",
      "integrity": "sha1-DsTHL6vTWgO1eHB1rHmeOxfKVxA=",
      "requires": {
        "@babel/runtime": "^7.13.10",
        "@radix-ui/react-compose-refs": "1.0.0",
        "@radix-ui/react-context": "1.0.0",
        "@radix-ui/react-primitive": "1.0.0",
        "@radix-ui/react-slot": "1.0.0"
      }
    },
    "@radix-ui/react-compose-refs": {
      "version": "1.0.0",
      "resolved": "http://r.npm.sankuai.com/@radix-ui/react-compose-refs/download/@radix-ui/react-compose-refs-1.0.0.tgz",
      "integrity": "sha1-N1lbHxbsfyKNaYWQ547u0Y/yGK4=",
      "requires": {
        "@babel/runtime": "^7.13.10"
      }
    },
    "@radix-ui/react-context": {
      "version": "1.0.0",
      "resolved": "http://r.npm.sankuai.com/@radix-ui/react-context/download/@radix-ui/react-context-1.0.0.tgz",
      "integrity": "sha1-844wxYWan7XpqpqdpFLuPtngruA=",
      "requires": {
        "@babel/runtime": "^7.13.10"
      }
    },
    "@radix-ui/react-direction": {
      "version": "1.0.0",
      "resolved": "http://r.npm.sankuai.com/@radix-ui/react-direction/download/@radix-ui/react-direction-1.0.0.tgz",
      "integrity": "sha1-ouC1UjUkWez5Y0LHmUndgzwebkU=",
      "requires": {
        "@babel/runtime": "^7.13.10"
      }
    },
    "@radix-ui/react-primitive": {
      "version": "1.0.0",
      "resolved": "http://r.npm.sankuai.com/@radix-ui/react-primitive/download/@radix-ui/react-primitive-1.0.0.tgz",
      "integrity": "sha1-N2zXKw/NXg4E0lLtM+sbHwJa8rA=",
      "requires": {
        "@babel/runtime": "^7.13.10",
        "@radix-ui/react-slot": "1.0.0"
      }
    },
    "@radix-ui/react-slider": {
      "version": "1.0.0",
      "resolved": "http://r.npm.sankuai.com/@radix-ui/react-slider/download/@radix-ui/react-slider-1.0.0.tgz",
      "integrity": "sha1-TKut0kOqCI60WscQzXzcUY+vsH4=",
      "requires": {
        "@babel/runtime": "^7.13.10",
        "@radix-ui/number": "1.0.0",
        "@radix-ui/primitive": "1.0.0",
        "@radix-ui/react-collection": "1.0.0",
        "@radix-ui/react-compose-refs": "1.0.0",
        "@radix-ui/react-context": "1.0.0",
        "@radix-ui/react-direction": "1.0.0",
        "@radix-ui/react-primitive": "1.0.0",
        "@radix-ui/react-use-controllable-state": "1.0.0",
        "@radix-ui/react-use-layout-effect": "1.0.0",
        "@radix-ui/react-use-previous": "1.0.0",
        "@radix-ui/react-use-size": "1.0.0"
      }
    },
    "@radix-ui/react-slot": {
      "version": "1.0.0",
      "resolved": "http://r.npm.sankuai.com/@radix-ui/react-slot/download/@radix-ui/react-slot-1.0.0.tgz",
      "integrity": "sha1-f6gFuZiR3qHoYtj4++B/TW0P1pg=",
      "requires": {
        "@babel/runtime": "^7.13.10",
        "@radix-ui/react-compose-refs": "1.0.0"
      }
    },
    "@radix-ui/react-use-callback-ref": {
      "version": "1.0.0",
      "resolved": "http://r.npm.sankuai.com/@radix-ui/react-use-callback-ref/download/@radix-ui/react-use-callback-ref-1.0.0.tgz",
      "integrity": "sha1-nnuLa0lG/jy+j3SMgqLM5U57apA=",
      "requires": {
        "@babel/runtime": "^7.13.10"
      }
    },
    "@radix-ui/react-use-controllable-state": {
      "version": "1.0.0",
      "resolved": "http://r.npm.sankuai.com/@radix-ui/react-use-controllable-state/download/@radix-ui/react-use-controllable-state-1.0.0.tgz",
      "integrity": "sha1-pk3qr7vFLV1AevqiLUk9aHxTi38=",
      "requires": {
        "@babel/runtime": "^7.13.10",
        "@radix-ui/react-use-callback-ref": "1.0.0"
      }
    },
    "@radix-ui/react-use-layout-effect": {
      "version": "1.0.0",
      "resolved": "http://r.npm.sankuai.com/@radix-ui/react-use-layout-effect/download/@radix-ui/react-use-layout-effect-1.0.0.tgz",
      "integrity": "sha1-L8GelyI6gd5kzTuh3ELO/9gjdNw=",
      "requires": {
        "@babel/runtime": "^7.13.10"
      }
    },
    "@radix-ui/react-use-previous": {
      "version": "1.0.0",
      "resolved": "http://r.npm.sankuai.com/@radix-ui/react-use-previous/download/@radix-ui/react-use-previous-1.0.0.tgz",
      "integrity": "sha1-5Ippw6fYB4qWcIQDjfZtDRgcVqw=",
      "requires": {
        "@babel/runtime": "^7.13.10"
      }
    },
    "@radix-ui/react-use-size": {
      "version": "1.0.0",
      "resolved": "http://r.npm.sankuai.com/@radix-ui/react-use-size/download/@radix-ui/react-use-size-1.0.0.tgz",
      "integrity": "sha1-oLRVrIJnSUGfY1Tccz4spGUFR3E=",
      "requires": {
        "@babel/runtime": "^7.13.10",
        "@radix-ui/react-use-layout-effect": "1.0.0"
      }
    },
    "@types/node": {
      "version": "16.11.7",
      "resolved": "http://r.npm.sankuai.com/@types/node/download/@types/node-16.11.7.tgz",
      "integrity": "sha1-NoIJRQYTJpeMQqAeVrYc0iPf3EI=",
      "dev": true
    },
    "@types/parse-json": {
      "version": "4.0.2",
      "resolved": "http://r.npm.sankuai.com/@types/parse-json/download/@types/parse-json-4.0.2.tgz",
      "integrity": "sha1-WVDlCWB5MFWEXpVsQn/CsNcMUjk=",
      "dev": true
    },
    "@types/prop-types": {
      "version": "15.7.14",
      "resolved": "http://r.npm.sankuai.com/@types/prop-types/download/@types/prop-types-15.7.14.tgz",
      "integrity": "sha1-FDNBnXOyp+v8aRjc79LsDVzWmPI=",
      "dev": true
    },
    "@types/react": {
      "version": "17.0.2",
      "resolved": "http://r.npm.sankuai.com/@types/react/download/@types/react-17.0.2.tgz",
      "integrity": "sha1-PeJMTv75At2XlaScdfdgy+T3pag=",
      "dev": true,
      "requires": {
        "@types/prop-types": "*",
        "csstype": "^3.0.2"
      }
    },
    "acorn": {
      "version": "7.4.1",
      "resolved": "http://r.npm.sankuai.com/acorn/download/acorn-7.4.1.tgz",
      "integrity": "sha1-/q7SVZc9LndVW4PbwIhRpsY1IPo=",
      "dev": true
    },
    "acorn-node": {
      "version": "1.8.2",
      "resolved": "http://r.npm.sankuai.com/acorn-node/download/acorn-node-1.8.2.tgz",
      "integrity": "sha1-EUyV1kU55T3t4j3oudlt98euKvg=",
      "dev": true,
      "requires": {
        "acorn": "^7.0.0",
        "acorn-walk": "^7.0.0",
        "xtend": "^4.0.2"
      }
    },
    "acorn-walk": {
      "version": "7.2.0",
      "resolved": "http://r.npm.sankuai.com/acorn-walk/download/acorn-walk-7.2.0.tgz",
      "integrity": "sha1-DeiJpgEgOQmw++B7iTjcIdLpZ7w=",
      "dev": true
    },
    "ansi-styles": {
      "version": "4.3.0",
      "resolved": "http://r.npm.sankuai.com/ansi-styles/download/ansi-styles-4.3.0.tgz",
      "integrity": "sha1-7dgDYornHATIWuegkG7a00tkiTc=",
      "dev": true,
      "requires": {
        "color-convert": "^2.0.1"
      }
    },
    "anymatch": {
      "version": "3.1.3",
      "resolved": "http://r.npm.sankuai.com/anymatch/download/anymatch-3.1.3.tgz",
      "integrity": "sha1-eQxYsZuhcgqEIFtXxhjVrYUklz4=",
      "dev": true,
      "requires": {
        "normalize-path": "^3.0.0",
        "picomatch": "^2.0.4"
      }
    },
    "arg": {
      "version": "5.0.2",
      "resolved": "http://r.npm.sankuai.com/arg/download/arg-5.0.2.tgz",
      "integrity": "sha1-yBQzzEJ8ksTc9IZRQtvKbxWs1Zw=",
      "dev": true
    },
    "autoprefixer": {
      "version": "10.4.0",
      "resolved": "http://r.npm.sankuai.com/autoprefixer/download/autoprefixer-10.4.0.tgz",
      "integrity": "sha1-w1d+syoQeaRA7CU+QE6vHrITiMg=",
      "dev": true,
      "requires": {
        "browserslist": "^4.17.5",
        "caniuse-lite": "^1.0.30001272",
        "fraction.js": "^4.1.1",
        "normalize-range": "^0.1.2",
        "picocolors": "^1.0.0",
        "postcss-value-parser": "^4.1.0"
      }
    },
    "balanced-match": {
      "version": "1.0.2",
      "resolved": "http://r.npm.sankuai.com/balanced-match/download/balanced-match-1.0.2.tgz",
      "integrity": "sha1-6D46fj8wCzTLnYf2FfoMvzV2kO4=",
      "dev": true
    },
    "binary-extensions": {
      "version": "2.3.0",
      "resolved": "http://r.npm.sankuai.com/binary-extensions/download/binary-extensions-2.3.0.tgz",
      "integrity": "sha1-9uFKl4WNMnJSIAJC1Mz+UixEVSI=",
      "dev": true
    },
    "brace-expansion": {
      "version": "1.1.11",
      "resolved": "http://r.npm.sankuai.com/brace-expansion/download/brace-expansion-1.1.11.tgz",
      "integrity": "sha1-PH/L9SnYcibz0vUrlm/1Jx60Qd0=",
      "dev": true,
      "requires": {
        "balanced-match": "^1.0.0",
        "concat-map": "0.0.1"
      }
    },
    "braces": {
      "version": "3.0.3",
      "resolved": "http://r.npm.sankuai.com/braces/download/braces-3.0.3.tgz",
      "integrity": "sha1-SQMy9AkZRSJy1VqEgK3AxEE1h4k=",
      "dev": true,
      "requires": {
        "fill-range": "^7.1.1"
      }
    },
    "browserslist": {
      "version": "4.24.4",
      "resolved": "http://r.npm.sankuai.com/browserslist/download/browserslist-4.24.4.tgz",
      "integrity": "sha1-xrKGWj8IvLhgoOgnOJADuf5obks=",
      "dev": true,
      "requires": {
        "caniuse-lite": "^1.0.30001688",
        "electron-to-chromium": "^1.5.73",
        "node-releases": "^2.0.19",
        "update-browserslist-db": "^1.1.1"
      }
    },
    "bytes": {
      "version": "3.1.2",
      "resolved": "http://r.npm.sankuai.com/bytes/download/bytes-3.1.2.tgz",
      "integrity": "sha1-iwvuuYYFrfGxKPpDhkA8AJ4CIaU=",
      "dev": true
    },
    "callsites": {
      "version": "3.1.0",
      "resolved": "http://r.npm.sankuai.com/callsites/download/callsites-3.1.0.tgz",
      "integrity": "sha1-s2MKvYlDQy9Us/BRkjjjPNffL3M=",
      "dev": true
    },
    "camelcase-css": {
      "version": "2.0.1",
      "resolved": "http://r.npm.sankuai.com/camelcase-css/download/camelcase-css-2.0.1.tgz",
      "integrity": "sha1-7pePaUeRTMMMa0R0G27R338EP9U=",
      "dev": true
    },
    "caniuse-lite": {
      "version": "1.0.30001700",
      "resolved": "http://r.npm.sankuai.com/caniuse-lite/download/caniuse-lite-1.0.30001700.tgz",
      "integrity": "sha1-Js1CnPCbT9TnRdr0kWA5x5TXIPY="
    },
    "chalk": {
      "version": "4.1.2",
      "resolved": "http://r.npm.sankuai.com/chalk/download/chalk-4.1.2.tgz",
      "integrity": "sha1-qsTit3NKdAhnrrFr8CqtVWoeegE=",
      "dev": true,
      "requires": {
        "ansi-styles": "^4.1.0",
        "supports-color": "^7.1.0"
      }
    },
    "chokidar": {
      "version": "3.6.0",
      "resolved": "http://r.npm.sankuai.com/chokidar/download/chokidar-3.6.0.tgz",
      "integrity": "sha1-GXxsxmnvKo3F57TZfuTgksPrDVs=",
      "dev": true,
      "requires": {
        "anymatch": "~3.1.2",
        "braces": "~3.0.2",
        "fsevents": "~2.3.2",
        "glob-parent": "~5.1.2",
        "is-binary-path": "~2.1.0",
        "is-glob": "~4.0.1",
        "normalize-path": "~3.0.0",
        "readdirp": "~3.6.0"
      },
      "dependencies": {
        "glob-parent": {
          "version": "5.1.2",
          "resolved": "http://r.npm.sankuai.com/glob-parent/download/glob-parent-5.1.2.tgz",
          "integrity": "sha1-hpgyxYA0/mikCTwX3BXoNA2EAcQ=",
          "dev": true,
          "requires": {
            "is-glob": "^4.0.1"
          }
        }
      }
    },
    "clsx": {
      "version": "1.1.1",
      "resolved": "http://r.npm.sankuai.com/clsx/download/clsx-1.1.1.tgz",
      "integrity": "sha1-mLMTT5q73yOyZjSRrOE8XAOnMYg="
    },
    "color": {
      "version": "4.2.3",
      "resolved": "http://r.npm.sankuai.com/color/download/color-4.2.3.tgz",
      "integrity": "sha1-14HsteVyJO5D6pYnVgEHwODGRjo=",
      "dev": true,
      "requires": {
        "color-convert": "^2.0.1",
        "color-string": "^1.9.0"
      }
    },
    "color-convert": {
      "version": "2.0.1",
      "resolved": "http://r.npm.sankuai.com/color-convert/download/color-convert-2.0.1.tgz",
      "integrity": "sha1-ctOmjVmMm9s68q0ehPIdiWq9TeM=",
      "dev": true,
      "requires": {
        "color-name": "~1.1.4"
      }
    },
    "color-name": {
      "version": "1.1.4",
      "resolved": "http://r.npm.sankuai.com/color-name/download/color-name-1.1.4.tgz",
      "integrity": "sha1-wqCah6y95pVD3m9j+jmVyCbFNqI=",
      "dev": true
    },
    "color-string": {
      "version": "1.9.1",
      "resolved": "http://r.npm.sankuai.com/color-string/download/color-string-1.9.1.tgz",
      "integrity": "sha1-RGf5FG8Db4Vbdk37W/hYK/NCx6Q=",
      "dev": true,
      "requires": {
        "color-name": "^1.0.0",
        "simple-swizzle": "^0.2.2"
      }
    },
    "commander": {
      "version": "8.3.0",
      "resolved": "http://r.npm.sankuai.com/commander/download/commander-8.3.0.tgz",
      "integrity": "sha1-SDfqGy2me5xhamevuw+v7lZ7ymY=",
      "dev": true
    },
    "concat-map": {
      "version": "0.0.1",
      "resolved": "http://r.npm.sankuai.com/concat-map/download/concat-map-0.0.1.tgz",
      "integrity": "sha1-2Klr13/Wjfd5OnMDajug1UBdR3s=",
      "dev": true
    },
    "cosmiconfig": {
      "version": "7.1.0",
      "resolved": "http://r.npm.sankuai.com/cosmiconfig/download/cosmiconfig-7.1.0.tgz",
      "integrity": "sha1-FEO5r6WWtnAILqRsvY9qYrhGNfY=",
      "dev": true,
      "requires": {
        "@types/parse-json": "^4.0.0",
        "import-fresh": "^3.2.1",
        "parse-json": "^5.0.0",
        "path-type": "^4.0.0",
        "yaml": "^1.10.0"
      }
    },
    "css-color-names": {
      "version": "0.0.4",
      "resolved": "http://r.npm.sankuai.com/css-color-names/download/css-color-names-0.0.4.tgz",
      "integrity": "sha1-gIrcLnnPhHOAabZGyyDsJ762KeA=",
      "dev": true
    },
    "css-unit-converter": {
      "version": "1.1.2",
      "resolved": "http://r.npm.sankuai.com/css-unit-converter/download/css-unit-converter-1.1.2.tgz",
      "integrity": "sha1-THf1oZVObb/2BpXsshTjJwQ2qyE=",
      "dev": true
    },
    "cssesc": {
      "version": "3.0.0",
      "resolved": "http://r.npm.sankuai.com/cssesc/download/cssesc-3.0.0.tgz",
      "integrity": "sha1-N3QZGZA7hoVl4cCep0dEXNGJg+4=",
      "dev": true
    },
    "csstype": {
      "version": "3.1.3",
      "resolved": "http://r.npm.sankuai.com/csstype/download/csstype-3.1.3.tgz",
      "integrity": "sha1-2A/ylNEU+w5qxQD7+FtgE31+/4E=",
      "dev": true
    },
    "defined": {
      "version": "1.0.1",
      "resolved": "http://r.npm.sankuai.com/defined/download/defined-1.0.1.tgz",
      "integrity": "sha1-wLnbJ7+v/ZXW9hOZQZuJPfD5Hr8=",
      "dev": true
    },
    "detective": {
      "version": "5.2.1",
      "resolved": "http://r.npm.sankuai.com/detective/download/detective-5.2.1.tgz",
      "integrity": "sha1-avAe7aEQFayw5z+TMkK3DyT5EDQ=",
      "dev": true,
      "requires": {
        "acorn-node": "^1.8.2",
        "defined": "^1.0.0",
        "minimist": "^1.2.6"
      }
    },
    "didyoumean": {
      "version": "1.2.2",
      "resolved": "http://r.npm.sankuai.com/didyoumean/download/didyoumean-1.2.2.tgz",
      "integrity": "sha1-mJNG/+noObRVXs9WZu3qDT6K0Dc=",
      "dev": true
    },
    "dlv": {
      "version": "1.1.3",
      "resolved": "http://r.npm.sankuai.com/dlv/download/dlv-1.1.3.tgz",
      "integrity": "sha1-XBmKihFFNZbnUUlNSYdLx3MvLnk=",
      "dev": true
    },
    "electron-to-chromium": {
      "version": "1.5.101",
      "resolved": "http://r.npm.sankuai.com/electron-to-chromium/download/electron-to-chromium-1.5.101.tgz",
      "integrity": "sha1-wmSQ+ywTY9gE55jhOKKlRPx/cHU=",
      "dev": true
    },
    "error-ex": {
      "version": "1.3.2",
      "resolved": "http://r.npm.sankuai.com/error-ex/download/error-ex-1.3.2.tgz",
      "integrity": "sha1-tKxAZIEH/c3PriQvQovqihTU8b8=",
      "dev": true,
      "requires": {
        "is-arrayish": "^0.2.1"
      },
      "dependencies": {
        "is-arrayish": {
          "version": "0.2.1",
          "resolved": "http://r.npm.sankuai.com/is-arrayish/download/is-arrayish-0.2.1.tgz",
          "integrity": "sha1-d8mYQFJ6qOyxqLppe4BkWnqSap0=",
          "dev": true
        }
      }
    },
    "escalade": {
      "version": "3.2.0",
      "resolved": "http://r.npm.sankuai.com/escalade/download/escalade-3.2.0.tgz",
      "integrity": "sha1-ARo/aYVroYnf+n3I/M6Z0qh5A+U=",
      "dev": true
    },
    "fast-glob": {
      "version": "3.3.3",
      "resolved": "http://r.npm.sankuai.com/fast-glob/download/fast-glob-3.3.3.tgz",
      "integrity": "sha1-0G1YXOjbqQoWsFBcVDw8z7OuuBg=",
      "dev": true,
      "requires": {
        "@nodelib/fs.stat": "^2.0.2",
        "@nodelib/fs.walk": "^1.2.3",
        "glob-parent": "^5.1.2",
        "merge2": "^1.3.0",
        "micromatch": "^4.0.8"
      },
      "dependencies": {
        "glob-parent": {
          "version": "5.1.2",
          "resolved": "http://r.npm.sankuai.com/glob-parent/download/glob-parent-5.1.2.tgz",
          "integrity": "sha1-hpgyxYA0/mikCTwX3BXoNA2EAcQ=",
          "dev": true,
          "requires": {
            "is-glob": "^4.0.1"
          }
        }
      }
    },
    "fastq": {
      "version": "1.19.0",
      "resolved": "http://r.npm.sankuai.com/fastq/download/fastq-1.19.0.tgz",
      "integrity": "sha1-qCxrfCu05Edm2GXweZd4X+z9y4k=",
      "dev": true,
      "requires": {
        "reusify": "^1.0.4"
      }
    },
    "fill-range": {
      "version": "7.1.1",
      "resolved": "http://r.npm.sankuai.com/fill-range/download/fill-range-7.1.1.tgz",
      "integrity": "sha1-RCZdPKwH4+p9wkdRY4BkN1SgUpI=",
      "dev": true,
      "requires": {
        "to-regex-range": "^5.0.1"
      }
    },
    "fraction.js": {
      "version": "4.3.7",
      "resolved": "http://r.npm.sankuai.com/fraction.js/download/fraction.js-4.3.7.tgz",
      "integrity": "sha1-BsoAhRV+Qv2n+ecm55/vxAaIQPc=",
      "dev": true
    },
    "fs-extra": {
      "version": "10.1.0",
      "resolved": "http://r.npm.sankuai.com/fs-extra/download/fs-extra-10.1.0.tgz",
      "integrity": "sha1-Aoc8+8QITd4SfqpfmQXu8jJdGr8=",
      "dev": true,
      "requires": {
        "graceful-fs": "^4.2.0",
        "jsonfile": "^6.0.1",
        "universalify": "^2.0.0"
      }
    },
    "fs.realpath": {
      "version": "1.0.0",
      "resolved": "http://r.npm.sankuai.com/fs.realpath/download/fs.realpath-1.0.0.tgz",
      "integrity": "sha1-FQStJSMVjKpA20onh8sBQRmU6k8=",
      "dev": true
    },
    "fsevents": {
      "version": "2.3.3",
      "resolved": "http://r.npm.sankuai.com/fsevents/download/fsevents-2.3.3.tgz",
      "integrity": "sha1-ysZAd4XQNnWipeGlMFxpezR9kNY=",
      "dev": true,
      "optional": true
    },
    "function-bind": {
      "version": "1.1.2",
      "resolved": "http://r.npm.sankuai.com/function-bind/download/function-bind-1.1.2.tgz",
      "integrity": "sha1-LALYZNl/PqbIgwxGTL0Rq26rehw=",
      "dev": true
    },
    "glob": {
      "version": "7.2.3",
      "resolved": "http://r.npm.sankuai.com/glob/download/glob-7.2.3.tgz",
      "integrity": "sha1-uN8PuAK7+o6JvR2Ti04WV47UTys=",
      "dev": true,
      "requires": {
        "fs.realpath": "^1.0.0",
        "inflight": "^1.0.4",
        "inherits": "2",
        "minimatch": "^3.1.1",
        "once": "^1.3.0",
        "path-is-absolute": "^1.0.0"
      }
    },
    "glob-parent": {
      "version": "6.0.2",
      "resolved": "http://r.npm.sankuai.com/glob-parent/download/glob-parent-6.0.2.tgz",
      "integrity": "sha1-bSN9mQg5UMeSkPJMdkKj3poo+eM=",
      "dev": true,
      "requires": {
        "is-glob": "^4.0.3"
      }
    },
    "graceful-fs": {
      "version": "4.2.11",
      "resolved": "http://r.npm.sankuai.com/graceful-fs/download/graceful-fs-4.2.11.tgz",
      "integrity": "sha1-QYPk6L8Iu24Fu7L30uDI9xLKQOM=",
      "dev": true
    },
    "has-flag": {
      "version": "4.0.0",
      "resolved": "http://r.npm.sankuai.com/has-flag/download/has-flag-4.0.0.tgz",
      "integrity": "sha1-lEdx/ZyByBJlxNaUGGDaBrtZR5s=",
      "dev": true
    },
    "hashlru": {
      "version": "2.3.0",
      "resolved": "http://r.npm.sankuai.com/hashlru/download/hashlru-2.3.0.tgz",
      "integrity": "sha1-XcFZKLP2lhogVkFrs6SRAhb9+1E="
    },
    "hasown": {
      "version": "2.0.2",
      "resolved": "http://r.npm.sankuai.com/hasown/download/hasown-2.0.2.tgz",
      "integrity": "sha1-AD6vkb563DcuhOxZ3DclLO24AAM=",
      "dev": true,
      "requires": {
        "function-bind": "^1.1.2"
      }
    },
    "hex-color-regex": {
      "version": "1.1.0",
      "resolved": "http://r.npm.sankuai.com/hex-color-regex/download/hex-color-regex-1.1.0.tgz",
      "integrity": "sha1-TAb8y0YC/iYCs8k9+C1+fb8aio4=",
      "dev": true
    },
    "hsl-regex": {
      "version": "1.0.0",
      "resolved": "http://r.npm.sankuai.com/hsl-regex/download/hsl-regex-1.0.0.tgz",
      "integrity": "sha1-1JMwx4ntgZ4nakwNJy3/owsY/m4=",
      "dev": true
    },
    "hsla-regex": {
      "version": "1.0.0",
      "resolved": "http://r.npm.sankuai.com/hsla-regex/download/hsla-regex-1.0.0.tgz",
      "integrity": "sha1-wc56MWjIxmFAM6S194d/OyJfnDg=",
      "dev": true
    },
    "html-tags": {
      "version": "3.3.1",
      "resolved": "http://r.npm.sankuai.com/html-tags/download/html-tags-3.3.1.tgz",
      "integrity": "sha1-oEAmoYyILku6igGj05z+Rl1Atc4=",
      "dev": true
    },
    "import-fresh": {
      "version": "3.3.1",
      "resolved": "http://r.npm.sankuai.com/import-fresh/download/import-fresh-3.3.1.tgz",
      "integrity": "sha1-nOy1ZQPAraHydB271lRuSxO1fM8=",
      "dev": true,
      "requires": {
        "parent-module": "^1.0.0",
        "resolve-from": "^4.0.0"
      }
    },
    "inflight": {
      "version": "1.0.6",
      "resolved": "http://r.npm.sankuai.com/inflight/download/inflight-1.0.6.tgz",
      "integrity": "sha1-Sb1jMdfQLQwJvJEKEHW6gWW1bfk=",
      "dev": true,
      "requires": {
        "once": "^1.3.0",
        "wrappy": "1"
      }
    },
    "inherits": {
      "version": "2.0.4",
      "resolved": "http://r.npm.sankuai.com/inherits/download/inherits-2.0.4.tgz",
      "integrity": "sha1-D6LGT5MpF8NDOg3tVTY6rjdBa3w=",
      "dev": true
    },
    "is-arrayish": {
      "version": "0.3.2",
      "resolved": "http://r.npm.sankuai.com/is-arrayish/download/is-arrayish-0.3.2.tgz",
      "integrity": "sha1-RXSirlb3qyBolvtDHq7tBm/fjwM=",
      "dev": true
    },
    "is-binary-path": {
      "version": "2.1.0",
      "resolved": "http://r.npm.sankuai.com/is-binary-path/download/is-binary-path-2.1.0.tgz",
      "integrity": "sha1-6h9/O4DwZCNug0cPhsCcJU+0Wwk=",
      "dev": true,
      "requires": {
        "binary-extensions": "^2.0.0"
      }
    },
    "is-color-stop": {
      "version": "1.1.0",
      "resolved": "http://r.npm.sankuai.com/is-color-stop/download/is-color-stop-1.1.0.tgz",
      "integrity": "sha1-z/9HGu5N1cnhWFmPvhKWe1za00U=",
      "dev": true,
      "requires": {
        "css-color-names": "^0.0.4",
        "hex-color-regex": "^1.1.0",
        "hsl-regex": "^1.0.0",
        "hsla-regex": "^1.0.0",
        "rgb-regex": "^1.0.1",
        "rgba-regex": "^1.0.0"
      }
    },
    "is-core-module": {
      "version": "2.16.1",
      "resolved": "http://r.npm.sankuai.com/is-core-module/download/is-core-module-2.16.1.tgz",
      "integrity": "sha1-KpiAGoSfQ+Kt1kT7trxiKbGaTvQ=",
      "dev": true,
      "requires": {
        "hasown": "^2.0.2"
      }
    },
    "is-extglob": {
      "version": "2.1.1",
      "resolved": "http://r.npm.sankuai.com/is-extglob/download/is-extglob-2.1.1.tgz",
      "integrity": "sha1-qIwCU1eR8C7TfHahueqXc8gz+MI=",
      "dev": true
    },
    "is-glob": {
      "version": "4.0.3",
      "resolved": "http://r.npm.sankuai.com/is-glob/download/is-glob-4.0.3.tgz",
      "integrity": "sha1-ZPYeQsu7LuwgcanawLKLoeZdUIQ=",
      "dev": true,
      "requires": {
        "is-extglob": "^2.1.1"
      }
    },
    "is-number": {
      "version": "7.0.0",
      "resolved": "http://r.npm.sankuai.com/is-number/download/is-number-7.0.0.tgz",
      "integrity": "sha1-dTU0W4lnNNX4DE0GxQlVUnoU8Ss=",
      "dev": true
    },
    "js-tokens": {
      "version": "4.0.0",
      "resolved": "http://r.npm.sankuai.com/js-tokens/download/js-tokens-4.0.0.tgz",
      "integrity": "sha1-GSA/tZmR35jjoocFDUZHzerzJJk="
    },
    "json-parse-even-better-errors": {
      "version": "2.3.1",
      "resolved": "http://r.npm.sankuai.com/json-parse-even-better-errors/download/json-parse-even-better-errors-2.3.1.tgz",
      "integrity": "sha1-fEeAWpQxmSjgV3dAXcEuH3pO4C0=",
      "dev": true
    },
    "jsonfile": {
      "version": "6.1.0",
      "resolved": "http://r.npm.sankuai.com/jsonfile/download/jsonfile-6.1.0.tgz",
      "integrity": "sha1-vFWyY0eTxnnsZAMJTrE2mKbsCq4=",
      "dev": true,
      "requires": {
        "graceful-fs": "^4.1.6",
        "universalify": "^2.0.0"
      }
    },
    "lilconfig": {
      "version": "2.1.0",
      "resolved": "http://r.npm.sankuai.com/lilconfig/download/lilconfig-2.1.0.tgz",
      "integrity": "sha1-eOI6yJ67fhv78lsYBD3nVlSOf1I=",
      "dev": true
    },
    "lines-and-columns": {
      "version": "1.2.4",
      "resolved": "http://r.npm.sankuai.com/lines-and-columns/download/lines-and-columns-1.2.4.tgz",
      "integrity": "sha1-7KKE910pZQeTCdwK2SVauy68FjI=",
      "dev": true
    },
    "lodash": {
      "version": "4.17.21",
      "resolved": "http://r.npm.sankuai.com/lodash/download/lodash-4.17.21.tgz",
      "integrity": "sha1-Z5WRxWTDv/quhFTPCz3zcMPWkRw=",
      "dev": true
    },
    "lodash.topath": {
      "version": "4.5.2",
      "resolved": "http://r.npm.sankuai.com/lodash.topath/download/lodash.topath-4.5.2.tgz",
      "integrity": "sha1-NhY1Hzu6YZlKCTGYlmC9AyVP0Ak=",
      "dev": true
    },
    "loose-envify": {
      "version": "1.4.0",
      "resolved": "http://r.npm.sankuai.com/loose-envify/download/loose-envify-1.4.0.tgz",
      "integrity": "sha1-ce5R+nvkyuwaY4OffmgtgTLTDK8=",
      "requires": {
        "js-tokens": "^3.0.0 || ^4.0.0"
      }
    },
    "merge2": {
      "version": "1.4.1",
      "resolved": "http://r.npm.sankuai.com/merge2/download/merge2-1.4.1.tgz",
      "integrity": "sha1-Q2iJL4hekHRVpv19xVwMnUBJkK4=",
      "dev": true
    },
    "micromatch": {
      "version": "4.0.8",
      "resolved": "http://r.npm.sankuai.com/micromatch/download/micromatch-4.0.8.tgz",
      "integrity": "sha1-1m+hjzpHB2eJMgubGvMr2G2fogI=",
      "dev": true,
      "requires": {
        "braces": "^3.0.3",
        "picomatch": "^2.3.1"
      }
    },
    "minimatch": {
      "version": "3.1.2",
      "resolved": "http://r.npm.sankuai.com/minimatch/download/minimatch-3.1.2.tgz",
      "integrity": "sha1-Gc0ZS/0+Qo8EmnCBfAONiatL41s=",
      "dev": true,
      "requires": {
        "brace-expansion": "^1.1.7"
      }
    },
    "minimist": {
      "version": "1.2.8",
      "resolved": "http://r.npm.sankuai.com/minimist/download/minimist-1.2.8.tgz",
      "integrity": "sha1-waRk52kzAuCCoHXO4MBXdBrEdyw=",
      "dev": true
    },
    "modern-normalize": {
      "version": "1.1.0",
      "resolved": "http://r.npm.sankuai.com/modern-normalize/download/modern-normalize-1.1.0.tgz",
      "integrity": "sha1-2o6AFA2SIUJr1PclxuESg9NPkLc=",
      "dev": true
    },
    "nanoid": {
      "version": "3.3.8",
      "resolved": "http://r.npm.sankuai.com/nanoid/download/nanoid-3.3.8.tgz",
      "integrity": "sha1-sb4wML7jaq/xi6yzdeXM5SFoS68="
    },
    "next": {
      "version": "12.1.0",
      "resolved": "http://r.npm.sankuai.com/next/download/next-12.1.0.tgz",
      "integrity": "sha1-wz11O2RL6S/FjgblohTxQ9ph3V0=",
      "requires": {
        "@next/env": "12.1.0",
        "@next/swc-android-arm64": "12.1.0",
        "@next/swc-darwin-arm64": "12.1.0",
        "@next/swc-darwin-x64": "12.1.0",
        "@next/swc-linux-arm-gnueabihf": "12.1.0",
        "@next/swc-linux-arm64-gnu": "12.1.0",
        "@next/swc-linux-arm64-musl": "12.1.0",
        "@next/swc-linux-x64-gnu": "12.1.0",
        "@next/swc-linux-x64-musl": "12.1.0",
        "@next/swc-win32-arm64-msvc": "12.1.0",
        "@next/swc-win32-ia32-msvc": "12.1.0",
        "@next/swc-win32-x64-msvc": "12.1.0",
        "caniuse-lite": "^1.0.30001283",
        "postcss": "8.4.5",
        "styled-jsx": "5.0.0",
        "use-subscription": "1.5.1"
      }
    },
    "node-emoji": {
      "version": "1.11.0",
      "resolved": "http://r.npm.sankuai.com/node-emoji/download/node-emoji-1.11.0.tgz",
      "integrity": "sha1-aaAVDmlG4vEV6dfqTfeXHiYoMBw=",
      "dev": true,
      "requires": {
        "lodash": "^4.17.21"
      }
    },
    "node-releases": {
      "version": "2.0.19",
      "resolved": "http://r.npm.sankuai.com/node-releases/download/node-releases-2.0.19.tgz",
      "integrity": "sha1-nkRaUpUJUexNF32EOvNwtBHK8xQ=",
      "dev": true
    },
    "normalize-path": {
      "version": "3.0.0",
      "resolved": "http://r.npm.sankuai.com/normalize-path/download/normalize-path-3.0.0.tgz",
      "integrity": "sha1-Dc1p/yOhybEf0JeDFmRKA4ghamU=",
      "dev": true
    },
    "normalize-range": {
      "version": "0.1.2",
      "resolved": "http://r.npm.sankuai.com/normalize-range/download/normalize-range-0.1.2.tgz",
      "integrity": "sha1-LRDAa9/TEuqXd2laTShDlFa3WUI=",
      "dev": true
    },
    "object-assign": {
      "version": "4.1.1",
      "resolved": "http://r.npm.sankuai.com/object-assign/download/object-assign-4.1.1.tgz",
      "integrity": "sha1-IQmtx5ZYh8/AXLvUQsrIv7s2CGM="
    },
    "object-hash": {
      "version": "2.2.0",
      "resolved": "http://r.npm.sankuai.com/object-hash/download/object-hash-2.2.0.tgz",
      "integrity": "sha1-WtUYWB7vxEO9djRyuP8unCwNVKU=",
      "dev": true
    },
    "once": {
      "version": "1.4.0",
      "resolved": "http://r.npm.sankuai.com/once/download/once-1.4.0.tgz",
      "integrity": "sha1-WDsap3WWHUsROsF9nFC6753Xa9E=",
      "dev": true,
      "requires": {
        "wrappy": "1"
      }
    },
    "parent-module": {
      "version": "1.0.1",
      "resolved": "http://r.npm.sankuai.com/parent-module/download/parent-module-1.0.1.tgz",
      "integrity": "sha1-aR0nCeeMefrjoVZiJFLQB2LKqqI=",
      "dev": true,
      "requires": {
        "callsites": "^3.0.0"
      }
    },
    "parse-json": {
      "version": "5.2.0",
      "resolved": "http://r.npm.sankuai.com/parse-json/download/parse-json-5.2.0.tgz",
      "integrity": "sha1-x2/Gbe5UIxyWKyK8yKcs8vmXU80=",
      "dev": true,
      "requires": {
        "@babel/code-frame": "^7.0.0",
        "error-ex": "^1.3.1",
        "json-parse-even-better-errors": "^2.3.0",
        "lines-and-columns": "^1.1.6"
      }
    },
    "path-is-absolute": {
      "version": "1.0.1",
      "resolved": "http://r.npm.sankuai.com/path-is-absolute/download/path-is-absolute-1.0.1.tgz",
      "integrity": "sha1-F0uSaHNVNP+8es5r9TpanhtcX18=",
      "dev": true
    },
    "path-parse": {
      "version": "1.0.7",
      "resolved": "http://r.npm.sankuai.com/path-parse/download/path-parse-1.0.7.tgz",
      "integrity": "sha1-+8EUtgykKzDZ2vWFjkvWi77bZzU=",
      "dev": true
    },
    "path-type": {
      "version": "4.0.0",
      "resolved": "http://r.npm.sankuai.com/path-type/download/path-type-4.0.0.tgz",
      "integrity": "sha1-hO0BwKe6OAr+CdkKjBgNzZ0DBDs=",
      "dev": true
    },
    "picocolors": {
      "version": "1.1.1",
      "resolved": "http://r.npm.sankuai.com/picocolors/download/picocolors-1.1.1.tgz",
      "integrity": "sha1-PTIa8+q5ObCDyPkpodEs2oHCa2s="
    },
    "picomatch": {
      "version": "2.3.1",
      "resolved": "http://r.npm.sankuai.com/picomatch/download/picomatch-2.3.1.tgz",
      "integrity": "sha1-O6ODNzNkbZ0+SZWUbBNlpn+wekI=",
      "dev": true
    },
    "postcss": {
      "version": "8.4.5",
      "resolved": "http://r.npm.sankuai.com/postcss/download/postcss-8.4.5.tgz",
      "integrity": "sha1-uuZldk39TG/MJNwP3356oAzHf5U=",
      "requires": {
        "nanoid": "^3.1.30",
        "picocolors": "^1.0.0",
        "source-map-js": "^1.0.1"
      }
    },
    "postcss-js": {
      "version": "3.0.3",
      "resolved": "http://r.npm.sankuai.com/postcss-js/download/postcss-js-3.0.3.tgz",
      "integrity": "sha1-LwvTcKLoWZ1FQ59pcEA7WHOr2jM=",
      "dev": true,
      "requires": {
        "camelcase-css": "^2.0.1",
        "postcss": "^8.1.6"
      }
    },
    "postcss-load-config": {
      "version": "3.1.4",
      "resolved": "http://r.npm.sankuai.com/postcss-load-config/download/postcss-load-config-3.1.4.tgz",
      "integrity": "sha1-GrJXH6+EuweId+HQeQXqvp69qFU=",
      "dev": true,
      "requires": {
        "lilconfig": "^2.0.5",
        "yaml": "^1.10.2"
      }
    },
    "postcss-nested": {
      "version": "5.0.6",
      "resolved": "http://r.npm.sankuai.com/postcss-nested/download/postcss-nested-5.0.6.tgz",
      "integrity": "sha1-RmND9/yNPUavPn26P81H0FKpRbw=",
      "dev": true,
      "requires": {
        "postcss-selector-parser": "^6.0.6"
      }
    },
    "postcss-selector-parser": {
      "version": "6.1.2",
      "resolved": "http://r.npm.sankuai.com/postcss-selector-parser/download/postcss-selector-parser-6.1.2.tgz",
      "integrity": "sha1-J+y0H7Djtrp6HshP/zR/c0x5Kd4=",
      "dev": true,
      "requires": {
        "cssesc": "^3.0.0",
        "util-deprecate": "^1.0.2"
      }
    },
    "postcss-value-parser": {
      "version": "4.2.0",
      "resolved": "http://r.npm.sankuai.com/postcss-value-parser/download/postcss-value-parser-4.2.0.tgz",
      "integrity": "sha1-cjwJkgg2um0+WvAZ+SvAlxwC5RQ=",
      "dev": true
    },
    "pretty-hrtime": {
      "version": "1.0.3",
      "resolved": "http://r.npm.sankuai.com/pretty-hrtime/download/pretty-hrtime-1.0.3.tgz",
      "integrity": "sha1-t+PqQkNaTJsnWdmeDyAesZWALuE=",
      "dev": true
    },
    "purgecss": {
      "version": "4.1.3",
      "resolved": "http://r.npm.sankuai.com/purgecss/download/purgecss-4.1.3.tgz",
      "integrity": "sha1-aD9qEzyMTeeqgv4nRtE5OyFJGPc=",
      "dev": true,
      "requires": {
        "commander": "^8.0.0",
        "glob": "^7.1.7",
        "postcss": "^8.3.5",
        "postcss-selector-parser": "^6.0.6"
      }
    },
    "queue-microtask": {
      "version": "1.2.3",
      "resolved": "http://r.npm.sankuai.com/queue-microtask/download/queue-microtask-1.2.3.tgz",
      "integrity": "sha1-SSkii7xyTfrEPg77BYyve2z7YkM=",
      "dev": true
    },
    "quick-lru": {
      "version": "5.1.1",
      "resolved": "http://r.npm.sankuai.com/quick-lru/download/quick-lru-5.1.1.tgz",
      "integrity": "sha1-NmST5rPkKjpoheLpnRj4D7eoyTI=",
      "dev": true
    },
    "react": {
      "version": "17.0.2",
      "resolved": "http://r.npm.sankuai.com/react/download/react-17.0.2.tgz",
      "integrity": "sha1-0LXMUW0p6z7uOD91tihkz7aAADc=",
      "requires": {
        "loose-envify": "^1.1.0",
        "object-assign": "^4.1.1"
      }
    },
    "react-dom": {
      "version": "17.0.2",
      "resolved": "http://r.npm.sankuai.com/react-dom/download/react-dom-17.0.2.tgz",
      "integrity": "sha1-7P+2hF462Nv83EmPDQqTlzZQLCM=",
      "requires": {
        "loose-envify": "^1.1.0",
        "object-assign": "^4.1.1",
        "scheduler": "^0.20.2"
      }
    },
    "readdirp": {
      "version": "3.6.0",
      "resolved": "http://r.npm.sankuai.com/readdirp/download/readdirp-3.6.0.tgz",
      "integrity": "sha1-dKNwvYVxFuJFspzJc0DNQxoCpsc=",
      "dev": true,
      "requires": {
        "picomatch": "^2.2.1"
      }
    },
    "reduce-css-calc": {
      "version": "2.1.8",
      "resolved": "http://r.npm.sankuai.com/reduce-css-calc/download/reduce-css-calc-2.1.8.tgz",
      "integrity": "sha1-fvh2GijWFJgNwMmC93LJP3qZ3gM=",
      "dev": true,
      "requires": {
        "css-unit-converter": "^1.1.1",
        "postcss-value-parser": "^3.3.0"
      },
      "dependencies": {
        "postcss-value-parser": {
          "version": "3.3.1",
          "resolved": "http://r.npm.sankuai.com/postcss-value-parser/download/postcss-value-parser-3.3.1.tgz",
          "integrity": "sha1-n/giVH4okyE88cMO+lGsX9G6goE=",
          "dev": true
        }
      }
    },
    "regenerator-runtime": {
      "version": "0.14.1",
      "resolved": "http://r.npm.sankuai.com/regenerator-runtime/download/regenerator-runtime-0.14.1.tgz",
      "integrity": "sha1-NWreECY/aF3aElEAzYYsHbiVMn8="
    },
    "resolve": {
      "version": "1.22.10",
      "resolved": "http://r.npm.sankuai.com/resolve/download/resolve-1.22.10.tgz",
      "integrity": "sha1-tmPoP/sJu/I4aURza6roAwKbizk=",
      "dev": true,
      "requires": {
        "is-core-module": "^2.16.0",
        "path-parse": "^1.0.7",
        "supports-preserve-symlinks-flag": "^1.0.0"
      }
    },
    "resolve-from": {
      "version": "4.0.0",
      "resolved": "http://r.npm.sankuai.com/resolve-from/download/resolve-from-4.0.0.tgz",
      "integrity": "sha1-SrzYUq0y3Xuqv+m0DgCjbbXzkuY=",
      "dev": true
    },
    "reusify": {
      "version": "1.0.4",
      "resolved": "http://r.npm.sankuai.com/reusify/download/reusify-1.0.4.tgz",
      "integrity": "sha1-kNo4Kx4SbvwCFG6QhFqI2xKSXXY=",
      "dev": true
    },
    "rgb-regex": {
      "version": "1.0.1",
      "resolved": "http://r.npm.sankuai.com/rgb-regex/download/rgb-regex-1.0.1.tgz",
      "integrity": "sha1-wODWiC3w4jviVKR16O3UGRX+rrE=",
      "dev": true
    },
    "rgba-regex": {
      "version": "1.0.0",
      "resolved": "http://r.npm.sankuai.com/rgba-regex/download/rgba-regex-1.0.0.tgz",
      "integrity": "sha1-QzdOLiyglosO8VI0YLfXMP8i7rM=",
      "dev": true
    },
    "run-parallel": {
      "version": "1.2.0",
      "resolved": "http://r.npm.sankuai.com/run-parallel/download/run-parallel-1.2.0.tgz",
      "integrity": "sha1-ZtE2jae9+SHrnZW9GpIp5/IaQ+4=",
      "dev": true,
      "requires": {
        "queue-microtask": "^1.2.2"
      }
    },
    "scheduler": {
      "version": "0.20.2",
      "resolved": "http://r.npm.sankuai.com/scheduler/download/scheduler-0.20.2.tgz",
      "integrity": "sha1-S67jlDbjSqk7SHS93L8P6Li1DpE=",
      "requires": {
        "loose-envify": "^1.1.0",
        "object-assign": "^4.1.1"
      }
    },
    "simple-swizzle": {
      "version": "0.2.2",
      "resolved": "http://r.npm.sankuai.com/simple-swizzle/download/simple-swizzle-0.2.2.tgz",
      "integrity": "sha1-pNprY1/8zMoz9w0Xy5JZLeleVXo=",
      "dev": true,
      "requires": {
        "is-arrayish": "^0.3.1"
      }
    },
    "source-map-js": {
      "version": "1.2.1",
      "resolved": "http://r.npm.sankuai.com/source-map-js/download/source-map-js-1.2.1.tgz",
      "integrity": "sha1-HOVlD93YerwJnto33P8CTCZnrkY="
    },
    "styled-jsx": {
      "version": "5.0.0",
      "resolved": "http://r.npm.sankuai.com/styled-jsx/download/styled-jsx-5.0.0.tgz",
      "integrity": "sha1-gWtLkuB7F4bGtxEYIXUOC6TSbnc="
    },
    "supports-color": {
      "version": "7.2.0",
      "resolved": "http://r.npm.sankuai.com/supports-color/download/supports-color-7.2.0.tgz",
      "integrity": "sha1-G33NyzK4E4gBs+R4umpRyqiWSNo=",
      "dev": true,
      "requires": {
        "has-flag": "^4.0.0"
      }
    },
    "supports-preserve-symlinks-flag": {
      "version": "1.0.0",
      "resolved": "http://r.npm.sankuai.com/supports-preserve-symlinks-flag/download/supports-preserve-symlinks-flag-1.0.0.tgz",
      "integrity": "sha1-btpL00SjyUrqN21MwxvHcxEDngk=",
      "dev": true
    },
    "tailwind-merge": {
      "version": "1.2.0",
      "resolved": "http://r.npm.sankuai.com/tailwind-merge/download/tailwind-merge-1.2.0.tgz",
      "integrity": "sha1-bkJc9ON542IChbmcyrlquxG+/fI=",
      "requires": {
        "hashlru": "^2.3.0"
      }
    },
    "tailwindcss": {
      "version": "2.2.19",
      "resolved": "http://r.npm.sankuai.com/tailwindcss/download/tailwindcss-2.2.19.tgz",
      "integrity": "sha1-VA5GSDLNRiu5ZJwUhLCjgxXCZTw=",
      "dev": true,
      "requires": {
        "arg": "^5.0.1",
        "bytes": "^3.0.0",
        "chalk": "^4.1.2",
        "chokidar": "^3.5.2",
        "color": "^4.0.1",
        "cosmiconfig": "^7.0.1",
        "detective": "^5.2.0",
        "didyoumean": "^1.2.2",
        "dlv": "^1.1.3",
        "fast-glob": "^3.2.7",
        "fs-extra": "^10.0.0",
        "glob-parent": "^6.0.1",
        "html-tags": "^3.1.0",
        "is-color-stop": "^1.1.0",
        "is-glob": "^4.0.1",
        "lodash": "^4.17.21",
        "lodash.topath": "^4.5.2",
        "modern-normalize": "^1.1.0",
        "node-emoji": "^1.11.0",
        "normalize-path": "^3.0.0",
        "object-hash": "^2.2.0",
        "postcss-js": "^3.0.3",
        "postcss-load-config": "^3.1.0",
        "postcss-nested": "5.0.6",
        "postcss-selector-parser": "^6.0.6",
        "postcss-value-parser": "^4.1.0",
        "pretty-hrtime": "^1.0.3",
        "purgecss": "^4.0.3",
        "quick-lru": "^5.1.1",
        "reduce-css-calc": "^2.1.8",
        "resolve": "^1.20.0",
        "tmp": "^0.2.1"
      }
    },
    "tmp": {
      "version": "0.2.3",
      "resolved": "http://r.npm.sankuai.com/tmp/download/tmp-0.2.3.tgz",
      "integrity": "sha1-63g8wivB6L69BnFHbUbqTrMqea4=",
      "dev": true
    },
    "to-regex-range": {
      "version": "5.0.1",
      "resolved": "http://r.npm.sankuai.com/to-regex-range/download/to-regex-range-5.0.1.tgz",
      "integrity": "sha1-FkjESq58jZiKMmAY7XL1tN0DkuQ=",
      "dev": true,
      "requires": {
        "is-number": "^7.0.0"
      }
    },
    "typescript": {
      "version": "4.4.4",
      "resolved": "http://r.npm.sankuai.com/typescript/download/typescript-4.4.4.tgz",
      "integrity": "sha1-LNAaGh8WBwTTEB/VpY/w+fy4Aww=",
      "dev": true
    },
    "universalify": {
      "version": "2.0.1",
      "resolved": "http://r.npm.sankuai.com/universalify/download/universalify-2.0.1.tgz",
      "integrity": "sha1-Fo78IYCWTmOG0GHglN9hr+I5sY0=",
      "dev": true
    },
    "update-browserslist-db": {
      "version": "1.1.2",
      "resolved": "http://r.npm.sankuai.com/update-browserslist-db/download/update-browserslist-db-1.1.2.tgz",
      "integrity": "sha1-l+nJarCue8rAjprlFR0m5rxrVYA=",
      "dev": true,
      "requires": {
        "escalade": "^3.2.0",
        "picocolors": "^1.1.1"
      }
    },
    "use-subscription": {
      "version": "1.5.1",
      "resolved": "http://r.npm.sankuai.com/use-subscription/download/use-subscription-1.5.1.tgz",
      "integrity": "sha1-c1ARB/AvrYTG3VeWW+sLdcaMQtE=",
      "requires": {
        "object-assign": "^4.1.1"
      }
    },
    "util-deprecate": {
      "version": "1.0.2",
      "resolved": "http://r.npm.sankuai.com/util-deprecate/download/util-deprecate-1.0.2.tgz",
      "integrity": "sha1-RQ1Nyfpw3nMnYvvS1KKJgUGaDM8=",
      "dev": true
    },
    "wrappy": {
      "version": "1.0.2",
      "resolved": "http://r.npm.sankuai.com/wrappy/download/wrappy-1.0.2.tgz",
      "integrity": "sha1-tSQ9jz7BqjXxNkYFvA0QNuMKtp8=",
      "dev": true
    },
    "xtend": {
      "version": "4.0.2",
      "resolved": "http://r.npm.sankuai.com/xtend/download/xtend-4.0.2.tgz",
      "integrity": "sha1-u3J3n1+kZRhrH0OPZ0+jR/2121Q=",
      "dev": true
    },
    "yaml": {
      "version": "1.10.2",
      "resolved": "http://r.npm.sankuai.com/yaml/download/yaml-1.10.2.tgz",
      "integrity": "sha1-IwHF/78StGfejaIzOkWeKeeSDks=",
      "dev": true
    }
  }
}
